// !$*UTF8*$!
{
	archiveVersion = 1;
	classes = {
	};
	objectVersion = 46;
	objects = {

/* Begin PBXBuildFile section */
		22950713164FBF420016EEA2 /* UIKit.framework in Frameworks */ = {isa = PBXBuildFile; fileRef = 22950712164FBF420016EEA2 /* UIKit.framework */; };
		22950715164FBF420016EEA2 /* Foundation.framework in Frameworks */ = {isa = PBXBuildFile; fileRef = 22950714164FBF420016EEA2 /* Foundation.framework */; };
		22950717164FBF420016EEA2 /* CoreGraphics.framework in Frameworks */ = {isa = PBXBuildFile; fileRef = 22950716164FBF420016EEA2 /* CoreGraphics.framework */; };
		2295071D164FBF420016EEA2 /* InfoPlist.strings in Resources */ = {isa = PBXBuildFile; fileRef = 2295071B164FBF420016EEA2 /* InfoPlist.strings */; };
		2295071F164FBF420016EEA2 /* main.m in Sources */ = {isa = PBXBuildFile; fileRef = 2295071E164FBF420016EEA2 /* main.m */; };
		22950723164FBF420016EEA2 /* AppDelegate.m in Sources */ = {isa = PBXBuildFile; fileRef = 22950722164FBF420016EEA2 /* AppDelegate.m */; };
		22950725164FBF420016EEA2 /* Default.png in Resources */ = {isa = PBXBuildFile; fileRef = 22950724164FBF420016EEA2 /* Default.png */; };
		22950727164FBF420016EEA2 /* Default@2x.png in Resources */ = {isa = PBXBuildFile; fileRef = 22950726164FBF420016EEA2 /* Default@2x.png */; };
		22950729164FBF420016EEA2 /* Default-568h@2x.png in Resources */ = {isa = PBXBuildFile; fileRef = 22950728164FBF420016EEA2 /* Default-568h@2x.png */; };
		2295072C164FBF420016EEA2 /* ViewController.m in Sources */ = {isa = PBXBuildFile; fileRef = 2295072B164FBF420016EEA2 /* ViewController.m */; };
		2295072F164FBF420016EEA2 /* ViewController.xib in Resources */ = {isa = PBXBuildFile; fileRef = 2295072D164FBF420016EEA2 /* ViewController.xib */; };
/* End PBXBuildFile section */

/* Begin PBXFileReference section */
		2295070E164FBF420016EEA2 /* swipeSide_menu.app */ = {isa = PBXFileReference; explicitFileType = wrapper.application; includeInIndex = 0; path = swipeSide_menu.app; sourceTree = BUILT_PRODUCTS_DIR; };
		22950712164FBF420016EEA2 /* UIKit.framework */ = {isa = PBXFileReference; lastKnownFileType = wrapper.framework; name = UIKit.framework; path = System/Library/Frameworks/UIKit.framework; sourceTree = SDKROOT; };
		22950714164FBF420016EEA2 /* Foundation.framework */ = {isa = PBXFileReference; lastKnownFileType = wrapper.framework; name = Foundation.framework; path = System/Library/Frameworks/Foundation.framework; sourceTree = SDKROOT; };
		22950716164FBF420016EEA2 /* CoreGraphics.framework */ = {isa = PBXFileReference; lastKnownFileType = wrapper.framework; name = CoreGraphics.framework; path = System/Library/Frameworks/CoreGraphics.framework; sourceTree = SDKROOT; };
		2295071A164FBF420016EEA2 /* swipeSide_menu-Info.plist */ = {isa = PBXFileReference; lastKnownFileType = text.plist.xml; path = "swipeSide_menu-Info.plist"; sourceTree = "<group>"; };
		2295071C164FBF420016EEA2 /* en */ = {isa = PBXFileReference; lastKnownFileType = text.plist.strings; name = en; path = en.lproj/InfoPlist.strings; sourceTree = "<group>"; };
		2295071E164FBF420016EEA2 /* main.m */ = {isa = PBXFileReference; lastKnownFileType = sourcecode.c.objc; path = main.m; sourceTree = "<group>"; };
		22950720164FBF420016EEA2 /* swipeSide_menu-Prefix.pch */ = {isa = PBXFileReference; lastKnownFileType = sourcecode.c.h; path = "swipeSide_menu-Prefix.pch"; sourceTree = "<group>"; };
		22950721164FBF420016EEA2 /* AppDelegate.h */ = {isa = PBXFileReference; lastKnownFileType = sourcecode.c.h; path = AppDelegate.h; sourceTree = "<group>"; };
		22950722164FBF420016EEA2 /* AppDelegate.m */ = {isa = PBXFileReference; lastKnownFileType = sourcecode.c.objc; path = AppDelegate.m; sourceTree = "<group>"; };
		22950724164FBF420016EEA2 /* Default.png */ = {isa = PBXFileReference; lastKnownFileType = image.png; path = Default.png; sourceTree = "<group>"; };
		22950726164FBF420016EEA2 /* Default@2x.png */ = {isa = PBXFileReference; lastKnownFileType = image.png; path = "Default@2x.png"; sourceTree = "<group>"; };
		22950728164FBF420016EEA2 /* Default-568h@2x.png */ = {isa = PBXFileReference; lastKnownFileType = image.png; path = "Default-568h@2x.png"; sourceTree = "<group>"; };
		2295072A164FBF420016EEA2 /* ViewController.h */ = {isa = PBXFileReference; lastKnownFileType = sourcecode.c.h; path = ViewController.h; sourceTree = "<group>"; };
		2295072B164FBF420016EEA2 /* ViewController.m */ = {isa = PBXFileReference; lastKnownFileType = sourcecode.c.objc; path = ViewController.m; sourceTree = "<group>"; };
		2295072E164FBF420016EEA2 /* en */ = {isa = PBXFileReference; lastKnownFileType = file.xib; name = en; path = en.lproj/ViewController.xib; sourceTree = "<group>"; };
/* End PBXFileReference section */

/* Begin PBXFrameworksBuildPhase section */
		2295070B164FBF420016EEA2 /* Frameworks */ = {
			isa = PBXFrameworksBuildPhase;
			buildActionMask = 2147483647;
			files = (
				22950713164FBF420016EEA2 /* UIKit.framework in Frameworks */,
				22950715164FBF420016EEA2 /* Foundation.framework in Frameworks */,
				22950717164FBF420016EEA2 /* CoreGraphics.framework in Frameworks */,
			);
			runOnlyForDeploymentPostprocessing = 0;
		};
/* End PBXFrameworksBuildPhase section */

/* Begin PBXGroup section */
		22950703164FBF420016EEA2 = {
			isa = PBXGroup;
			children = (
				22950718164FBF420016EEA2 /* swipeSide_menu */,
				22950711164FBF420016EEA2 /* Frameworks */,
				2295070F164FBF420016EEA2 /* Products */,
			);
			sourceTree = "<group>";
		};
		2295070F164FBF420016EEA2 /* Products */ = {
			isa = PBXGroup;
			children = (
				2295070E164FBF420016EEA2 /* swipeSide_menu.app */,
			);
			name = Products;
			sourceTree = "<group>";
		};
		22950711164FBF420016EEA2 /* Frameworks */ = {
			isa = PBXGroup;
			children = (
				22950712164FBF420016EEA2 /* UIKit.framework */,
				22950714164FBF420016EEA2 /* Foundation.framework */,
				22950716164FBF420016EEA2 /* CoreGraphics.framework */,
			);
			name = Frameworks;
			sourceTree = "<group>";
		};
		22950718164FBF420016EEA2 /* swipeSide_menu */ = {
			isa = PBXGroup;
			children = (
				22950721164FBF420016EEA2 /* AppDelegate.h */,
				22950722164FBF420016EEA2 /* AppDelegate.m */,
				2295072A164FBF420016EEA2 /* ViewController.h */,
				2295072B164FBF420016EEA2 /* ViewController.m */,
				2295072D164FBF420016EEA2 /* ViewController.xib */,
				22950719164FBF420016EEA2 /* Supporting Files */,
			);
			path = swipeSide_menu;
			sourceTree = "<group>";
		};
		22950719164FBF420016EEA2 /* Supporting Files */ = {
			isa = PBXGroup;
			children = (
				2295071A164FBF420016EEA2 /* swipeSide_menu-Info.plist */,
				2295071B164FBF420016EEA2 /* InfoPlist.strings */,
				2295071E164FBF420016EEA2 /* main.m */,
				22950720164FBF420016EEA2 /* swipeSide_menu-Prefix.pch */,
				22950724164FBF420016EEA2 /* Default.png */,
				22950726164FBF420016EEA2 /* Default@2x.png */,
				22950728164FBF420016EEA2 /* Default-568h@2x.png */,
			);
			name = "Supporting Files";
			sourceTree = "<group>";
		};
/* End PBXGroup section */

/* Begin PBXNativeTarget section */
		2295070D164FBF420016EEA2 /* swipeSide_menu */ = {
			isa = PBXNativeTarget;
			buildConfigurationList = 22950732164FBF420016EEA2 /* Build configuration list for PBXNativeTarget "swipeSide_menu" */;
			buildPhases = (
				2295070A164FBF420016EEA2 /* Sources */,
				2295070B164FBF420016EEA2 /* Frameworks */,
				2295070C164FBF420016EEA2 /* Resources */,
			);
			buildRules = (
			);
			dependencies = (
			);
			name = swipeSide_menu;
			productName = swipeSide_menu;
			productReference = 2295070E164FBF420016EEA2 /* swipeSide_menu.app */;
			productType = "com.apple.product-type.application";
		};
/* End PBXNativeTarget section */

/* Begin PBXProject section */
		22950705164FBF420016EEA2 /* Project object */ = {
			isa = PBXProject;
			attributes = {
				LastUpgradeCheck = 0450;
				ORGANIZATIONNAME = DJ;
			};
			buildConfigurationList = 22950708164FBF420016EEA2 /* Build configuration list for PBXProject "swipeSide_menu" */;
			compatibilityVersion = "Xcode 3.2";
			developmentRegion = English;
			hasScannedForEncodings = 0;
			knownRegions = (
				en,
			);
			mainGroup = 22950703164FBF420016EEA2;
			productRefGroup = 2295070F164FBF420016EEA2 /* Products */;
			projectDirPath = "";
			projectRoot = "";
			targets = (
				2295070D164FBF420016EEA2 /* swipeSide_menu */,
			);
		};
/* End PBXProject section */

/* Begin PBXResourcesBuildPhase section */
		2295070C164FBF420016EEA2 /* Resources */ = {
			isa = PBXResourcesBuildPhase;
			buildActionMask = 2147483647;
			files = (
				2295071D164FBF420016EEA2 /* InfoPlist.strings in Resources */,
				22950725164FBF420016EEA2 /* Default.png in Resources */,
				22950727164FBF420016EEA2 /* Default@2x.png in Resources */,
				22950729164FBF420016EEA2 /* Default-568h@2x.png in Resources */,
				2295072F164FBF420016EEA2 /* ViewController.xib in Resources */,
			);
			runOnlyForDeploymentPostprocessing = 0;
		};
/* End PBXResourcesBuildPhase section */

/* Begin PBXSourcesBuildPhase section */
		2295070A164FBF420016EEA2 /* Sources */ = {
			isa = PBXSourcesBuildPhase;
			buildActionMask = 2147483647;
			files = (
				2295071F164FBF420016EEA2 /* main.m in Sources */,
				22950723164FBF420016EEA2 /* AppDelegate.m in Sources */,
				2295072C164FBF420016EEA2 /* ViewController.m in Sources */,
			);
			runOnlyForDeploymentPostprocessing = 0;
		};
/* End PBXSourcesBuildPhase section */

/* Begin PBXVariantGroup section */
		2295071B164FBF420016EEA2 /* InfoPlist.strings */ = {
			isa = PBXVariantGroup;
			children = (
				2295071C164FBF420016EEA2 /* en */,
			);
			name = InfoPlist.strings;
			sourceTree = "<group>";
		};
		2295072D164FBF420016EEA2 /* ViewController.xib */ = {
			isa = PBXVariantGroup;
			children = (
				2295072E164FBF420016EEA2 /* en */,
			);
			name = ViewController.xib;
			sourceTree = "<group>";
		};
/* End PBXVariantGroup section */

/* Begin XCBuildConfiguration section */
		22950730164FBF420016EEA2 /* Debug */ = {
			isa = XCBuildConfiguration;
			buildSettings = {
				ALWAYS_SEARCH_USER_PATHS = NO;
				CLANG_CXX_LANGUAGE_STANDARD = "gnu++0x";
				CLANG_CXX_LIBRARY = "libc++";
				CLANG_WARN_EMPTY_BODY = YES;
				CLANG_WARN__DUPLICATE_METHOD_MATCH = YES;
				"CODE_SIGN_IDENTITY[sdk=iphoneos*]" = "iPhone Developer";
				COPY_PHASE_STRIP = NO;
				GCC_C_LANGUAGE_STANDARD = gnu99;
				GCC_DYNAMIC_NO_PIC = NO;
				GCC_OPTIMIZATION_LEVEL = 0;
				GCC_PREPROCESSOR_DEFINITIONS = (
					"DEBUG=1",
					"$(inherited)",
				);
				GCC_SYMBOLS_PRIVATE_EXTERN = NO;
				GCC_WARN_ABOUT_RETURN_TYPE = YES;
				GCC_WARN_UNINITIALIZED_AUTOS = YES;
				GCC_WARN_UNUSED_VARIABLE = YES;
				IPHONEOS_DEPLOYMENT_TARGET = 6.0;
				ONLY_ACTIVE_ARCH = YES;
				SDKROOT = iphoneos;
			};
			name = Debug;
		};
		22950731164FBF420016EEA2 /* Release */ = {
			isa = XCBuildConfiguration;
			buildSettings = {
				ALWAYS_SEARCH_USER_PATHS = NO;
				CLANG_CXX_LANGUAGE_STANDARD = "gnu++0x";
				CLANG_CXX_LIBRARY = "libc++";
				CLANG_WARN_EMPTY_BODY = YES;
				CLANG_WARN__DUPLICATE_METHOD_MATCH = YES;
				"CODE_SIGN_IDENTITY[sdk=iphoneos*]" = "iPhone Developer";
				COPY_PHASE_STRIP = YES;
				GCC_C_LANGUAGE_STANDARD = gnu99;
				GCC_WARN_ABOUT_RETURN_TYPE = YES;
				GCC_WARN_UNINITIALIZED_AUTOS = YES;
				GCC_WARN_UNUSED_VARIABLE = YES;
				IPHONEOS_DEPLOYMENT_TARGET = 6.0;
				OTHER_CFLAGS = "-DNS_BLOCK_ASSERTIONS=1";
				SDKROOT = iphoneos;
				VALIDATE_PRODUCT = YES;
			};
			name = Release;
		};
		22950733164FBF420016EEA2 /* Debug */ = {
			isa = XCBuildConfiguration;
			buildSettings = {
				GCC_PRECOMPILE_PREFIX_HEADER = YES;
				GCC_PREFIX_HEADER = "swipeSide_menu/swipeSide_menu-Prefix.pch";
				INFOPLIST_FILE = "swipeSide_menu/swipeSide_menu-Info.plist";
				PRODUCT_NAME = "$(TARGET_NAME)";
				WRAPPER_EXTENSION = app;
			};
			name = Debug;
		};
		22950734164FBF420016EEA2 /* Release */ = {
			isa = XCBuildConfiguration;
			buildSettings = {
				GCC_PRECOMPILE_PREFIX_HEADER = YES;
				GCC_PREFIX_HEADER = "swipeSide_menu/swipeSide_menu-Prefix.pch";
				INFOPLIST_FILE = "swipeSide_menu/swipeSide_menu-Info.plist";
				PRODUCT_NAME = "$(TARGET_NAME)";
				WRAPPER_EXTENSION = app;
			};
			name = Release;
		};
/* End XCBuildConfiguration section */

/* Begin XCConfigurationList section */
		22950708164FBF420016EEA2 /* Build configuration list for PBXProject "swipeSide_menu" */ = {
			isa = XCConfigurationList;
			buildConfigurations = (
				22950730164FBF420016EEA2 /* Debug */,
				22950731164FBF420016EEA2 /* Release */,
			);
			defaultConfigurationIsVisible = 0;
			defaultConfigurationName = Release;
		};
		22950732164FBF420016EEA2 /* Build configuration list for PBXNativeTarget "swipeSide_menu" */ = {
			isa = XCConfigurationList;
			buildConfigurations = (
				22950733164FBF420016EEA2 /* Debug */,
				22950734164FBF420016EEA2 /* Release */,
			);
			defaultConfigurationIsVisible = 0;
		};
/* End XCConfigurationList section */
	};
	rootObject = 22950705164FBF420016EEA2 /* Project object */;
}
